
Microsoft Visual Studio Solution File, Format Version 12.00
# Visual Studio Version 17
VisualStudioVersion = 17.3.32929.385
MinimumVisualStudioVersion = 10.0.40219.1
Project("{FAE04EC0-301F-11D3-BF4B-00C04F79EFBC}") = "NET102_SD18301", "NET102_SD18301\NET102_SD18301.csproj", "{6A6DD9BC-29FA-43A6-859B-2E7128637508}"
EndProject
Project("{FAE04EC0-301F-11D3-BF4B-00C04F79EFBC}") = "BAI_1_OnTap_OOP", "BAI_1_OnTap_OOP\BAI_1_OnTap_OOP.csproj", "{BB2063F3-9C8C-406B-9F1C-B0D177477A86}"
EndProject
Project("{FAE04EC0-301F-11D3-BF4B-00C04F79EFBC}") = "BAI_2_STATIC_PARTIAL", "BAI_2_STATIC_PARTIAL\BAI_2_STATIC_PARTIAL.csproj", "{57926BB6-76CB-4CCB-8663-06802D94A94E}"
EndProject
Project("{FAE04EC0-301F-11D3-BF4B-00C04F79EFBC}") = "BAI_3_PARTIAL_NESTED", "BAI_3_PARTIAL_NESTED\BAI_3_PARTIAL_NESTED.csproj", "{04F8E356-54B2-456D-A1DC-90FB996C86EC}"
EndProject
Project("{FAE04EC0-301F-11D3-BF4B-00C04F79EFBC}") = "BAI_4_GENERIC", "BAI_4_GENERIC\BAI_4_GENERIC.csproj", "{EFFC75BF-352F-4342-B7DF-EFA65780081D}"
EndProject
Project("{FAE04EC0-301F-11D3-BF4B-00C04F79EFBC}") = "BAI_5_THAM_TRI_THAM_CHIEU", "BAI_5_THAM_TRI_THAM_CHIEU\BAI_5_THAM_TRI_THAM_CHIEU.csproj", "{EA360692-3FEF-49DF-B963-17911868757D}"
EndProject
Project("{FAE04EC0-301F-11D3-BF4B-00C04F79EFBC}") = "BAI_6_COLLECTION", "BAI_6_COLLECTION\BAI_6_COLLECTION.csproj", "{C0B53458-D997-4D5F-9162-F765C39AD342}"
EndProject
Project("{FAE04EC0-301F-11D3-BF4B-00C04F79EFBC}") = "BAI_6_1_ArrayList_List", "BAI_6_1_ArrayList_List\BAI_6_1_ArrayList_List.csproj", "{F901F987-ACAF-45EE-A4D0-DCD8F8638A40}"
EndProject
Project("{FAE04EC0-301F-11D3-BF4B-00C04F79EFBC}") = "BAI_7_IMPLICITY_DYNAMIC", "BAI_7_IMPLICITY_DYNAMIC\BAI_7_IMPLICITY_DYNAMIC.csproj", "{157BDA2B-33A1-45DE-BBCF-9701ECFB3C64}"
EndProject
Project("{FAE04EC0-301F-11D3-BF4B-00C04F79EFBC}") = "BAI_8_NULLABLE", "BAI_8_NULLABLE\BAI_8_NULLABLE.csproj", "{848642C4-ED2C-46A6-917B-8ED66B0A9A78}"
EndProject
Project("{FAE04EC0-301F-11D3-BF4B-00C04F79EFBC}") = "BAI_9_DELEGATE", "BAI_9_DELEGATE\BAI_9_DELEGATE.csproj", "{FD106DC0-1836-4290-A6A5-FB102EF58408}"
EndProject
Project("{FAE04EC0-301F-11D3-BF4B-00C04F79EFBC}") = "BAI_10_ACT_FUNC_PRE", "BAI_10_ACT_FUNC_PRE\BAI_10_ACT_FUNC_PRE.csproj", "{FC051628-C4DA-4CAA-B91B-C293EF335ADA}"
EndProject
Project("{FAE04EC0-301F-11D3-BF4B-00C04F79EFBC}") = "BAI_11_DELEGATE_EVENT", "BAI_11_DELEGATE_EVENT\BAI_11_DELEGATE_EVENT.csproj", "{4F793B80-20C4-4236-8555-27E023742363}"
EndProject
Project("{FAE04EC0-301F-11D3-BF4B-00C04F79EFBC}") = "BAI_12_ANONYMOUS", "BAI_12_ANONYMOUS\BAI_12_ANONYMOUS.csproj", "{66996F08-1A6A-49E7-BFA0-9C40BF6EB689}"
EndProject
Project("{FAE04EC0-301F-11D3-BF4B-00C04F79EFBC}") = "BAI_13_EXCEPTION", "BAI_13_EXCEPTION\BAI_13_EXCEPTION.csproj", "{D3160721-7D10-445C-BE1C-9016683326EB}"
EndProject
Project("{FAE04EC0-301F-11D3-BF4B-00C04F79EFBC}") = "BAI_14_FILE", "BAI_14_FILE\BAI_14_FILE.csproj", "{A6823BC8-55AE-4401-AB9A-D7C2CA66CAE4}"
EndProject
Global
	GlobalSection(SolutionConfigurationPlatforms) = preSolution
		Debug|Any CPU = Debug|Any CPU
		Release|Any CPU = Release|Any CPU
	EndGlobalSection
	GlobalSection(ProjectConfigurationPlatforms) = postSolution
		{6A6DD9BC-29FA-43A6-859B-2E7128637508}.Debug|Any CPU.ActiveCfg = Debug|Any CPU
		{6A6DD9BC-29FA-43A6-859B-2E7128637508}.Debug|Any CPU.Build.0 = Debug|Any CPU
		{6A6DD9BC-29FA-43A6-859B-2E7128637508}.Release|Any CPU.ActiveCfg = Release|Any CPU
		{6A6DD9BC-29FA-43A6-859B-2E7128637508}.Release|Any CPU.Build.0 = Release|Any CPU
		{BB2063F3-9C8C-406B-9F1C-B0D177477A86}.Debug|Any CPU.ActiveCfg = Debug|Any CPU
		{BB2063F3-9C8C-406B-9F1C-B0D177477A86}.Debug|Any CPU.Build.0 = Debug|Any CPU
		{BB2063F3-9C8C-406B-9F1C-B0D177477A86}.Release|Any CPU.ActiveCfg = Release|Any CPU
		{BB2063F3-9C8C-406B-9F1C-B0D177477A86}.Release|Any CPU.Build.0 = Release|Any CPU
		{57926BB6-76CB-4CCB-8663-06802D94A94E}.Debug|Any CPU.ActiveCfg = Debug|Any CPU
		{57926BB6-76CB-4CCB-8663-06802D94A94E}.Debug|Any CPU.Build.0 = Debug|Any CPU
		{57926BB6-76CB-4CCB-8663-06802D94A94E}.Release|Any CPU.ActiveCfg = Release|Any CPU
		{57926BB6-76CB-4CCB-8663-06802D94A94E}.Release|Any CPU.Build.0 = Release|Any CPU
		{04F8E356-54B2-456D-A1DC-90FB996C86EC}.Debug|Any CPU.ActiveCfg = Debug|Any CPU
		{04F8E356-54B2-456D-A1DC-90FB996C86EC}.Debug|Any CPU.Build.0 = Debug|Any CPU
		{04F8E356-54B2-456D-A1DC-90FB996C86EC}.Release|Any CPU.ActiveCfg = Release|Any CPU
		{04F8E356-54B2-456D-A1DC-90FB996C86EC}.Release|Any CPU.Build.0 = Release|Any CPU
		{EFFC75BF-352F-4342-B7DF-EFA65780081D}.Debug|Any CPU.ActiveCfg = Debug|Any CPU
		{EFFC75BF-352F-4342-B7DF-EFA65780081D}.Debug|Any CPU.Build.0 = Debug|Any CPU
		{EFFC75BF-352F-4342-B7DF-EFA65780081D}.Release|Any CPU.ActiveCfg = Release|Any CPU
		{EFFC75BF-352F-4342-B7DF-EFA65780081D}.Release|Any CPU.Build.0 = Release|Any CPU
		{EA360692-3FEF-49DF-B963-17911868757D}.Debug|Any CPU.ActiveCfg = Debug|Any CPU
		{EA360692-3FEF-49DF-B963-17911868757D}.Debug|Any CPU.Build.0 = Debug|Any CPU
		{EA360692-3FEF-49DF-B963-17911868757D}.Release|Any CPU.ActiveCfg = Release|Any CPU
		{EA360692-3FEF-49DF-B963-17911868757D}.Release|Any CPU.Build.0 = Release|Any CPU
		{C0B53458-D997-4D5F-9162-F765C39AD342}.Debug|Any CPU.ActiveCfg = Debug|Any CPU
		{C0B53458-D997-4D5F-9162-F765C39AD342}.Debug|Any CPU.Build.0 = Debug|Any CPU
		{C0B53458-D997-4D5F-9162-F765C39AD342}.Release|Any CPU.ActiveCfg = Release|Any CPU
		{C0B53458-D997-4D5F-9162-F765C39AD342}.Release|Any CPU.Build.0 = Release|Any CPU
		{F901F987-ACAF-45EE-A4D0-DCD8F8638A40}.Debug|Any CPU.ActiveCfg = Debug|Any CPU
		{F901F987-ACAF-45EE-A4D0-DCD8F8638A40}.Debug|Any CPU.Build.0 = Debug|Any CPU
		{F901F987-ACAF-45EE-A4D0-DCD8F8638A40}.Release|Any CPU.ActiveCfg = Release|Any CPU
		{F901F987-ACAF-45EE-A4D0-DCD8F8638A40}.Release|Any CPU.Build.0 = Release|Any CPU
		{157BDA2B-33A1-45DE-BBCF-9701ECFB3C64}.Debug|Any CPU.ActiveCfg = Debug|Any CPU
		{157BDA2B-33A1-45DE-BBCF-9701ECFB3C64}.Debug|Any CPU.Build.0 = Debug|Any CPU
		{157BDA2B-33A1-45DE-BBCF-9701ECFB3C64}.Release|Any CPU.ActiveCfg = Release|Any CPU
		{157BDA2B-33A1-45DE-BBCF-9701ECFB3C64}.Release|Any CPU.Build.0 = Release|Any CPU
		{848642C4-ED2C-46A6-917B-8ED66B0A9A78}.Debug|Any CPU.ActiveCfg = Debug|Any CPU
		{848642C4-ED2C-46A6-917B-8ED66B0A9A78}.Debug|Any CPU.Build.0 = Debug|Any CPU
		{848642C4-ED2C-46A6-917B-8ED66B0A9A78}.Release|Any CPU.ActiveCfg = Release|Any CPU
		{848642C4-ED2C-46A6-917B-8ED66B0A9A78}.Release|Any CPU.Build.0 = Release|Any CPU
		{FD106DC0-1836-4290-A6A5-FB102EF58408}.Debug|Any CPU.ActiveCfg = Debug|Any CPU
		{FD106DC0-1836-4290-A6A5-FB102EF58408}.Debug|Any CPU.Build.0 = Debug|Any CPU
		{FD106DC0-1836-4290-A6A5-FB102EF58408}.Release|Any CPU.ActiveCfg = Release|Any CPU
		{FD106DC0-1836-4290-A6A5-FB102EF58408}.Release|Any CPU.Build.0 = Release|Any CPU
		{FC051628-C4DA-4CAA-B91B-C293EF335ADA}.Debug|Any CPU.ActiveCfg = Debug|Any CPU
		{FC051628-C4DA-4CAA-B91B-C293EF335ADA}.Debug|Any CPU.Build.0 = Debug|Any CPU
		{FC051628-C4DA-4CAA-B91B-C293EF335ADA}.Release|Any CPU.ActiveCfg = Release|Any CPU
		{FC051628-C4DA-4CAA-B91B-C293EF335ADA}.Release|Any CPU.Build.0 = Release|Any CPU
		{4F793B80-20C4-4236-8555-27E023742363}.Debug|Any CPU.ActiveCfg = Debug|Any CPU
		{4F793B80-20C4-4236-8555-27E023742363}.Debug|Any CPU.Build.0 = Debug|Any CPU
		{4F793B80-20C4-4236-8555-27E023742363}.Release|Any CPU.ActiveCfg = Release|Any CPU
		{4F793B80-20C4-4236-8555-27E023742363}.Release|Any CPU.Build.0 = Release|Any CPU
		{66996F08-1A6A-49E7-BFA0-9C40BF6EB689}.Debug|Any CPU.ActiveCfg = Debug|Any CPU
		{66996F08-1A6A-49E7-BFA0-9C40BF6EB689}.Debug|Any CPU.Build.0 = Debug|Any CPU
		{66996F08-1A6A-49E7-BFA0-9C40BF6EB689}.Release|Any CPU.ActiveCfg = Release|Any CPU
		{66996F08-1A6A-49E7-BFA0-9C40BF6EB689}.Release|Any CPU.Build.0 = Release|Any CPU
		{D3160721-7D10-445C-BE1C-9016683326EB}.Debug|Any CPU.ActiveCfg = Debug|Any CPU
		{D3160721-7D10-445C-BE1C-9016683326EB}.Debug|Any CPU.Build.0 = Debug|Any CPU
		{D3160721-7D10-445C-BE1C-9016683326EB}.Release|Any CPU.ActiveCfg = Release|Any CPU
		{D3160721-7D10-445C-BE1C-9016683326EB}.Release|Any CPU.Build.0 = Release|Any CPU
		{A6823BC8-55AE-4401-AB9A-D7C2CA66CAE4}.Debug|Any CPU.ActiveCfg = Debug|Any CPU
		{A6823BC8-55AE-4401-AB9A-D7C2CA66CAE4}.Debug|Any CPU.Build.0 = Debug|Any CPU
		{A6823BC8-55AE-4401-AB9A-D7C2CA66CAE4}.Release|Any CPU.ActiveCfg = Release|Any CPU
		{A6823BC8-55AE-4401-AB9A-D7C2CA66CAE4}.Release|Any CPU.Build.0 = Release|Any CPU
	EndGlobalSection
	GlobalSection(SolutionProperties) = preSolution
		HideSolutionNode = FALSE
	EndGlobalSection
	GlobalSection(ExtensibilityGlobals) = postSolution
		SolutionGuid = {30D4162B-4DD7-4BA5-B603-0D0A7FFE89BA}
	EndGlobalSection
EndGlobal
